
Microsoft Visual Studio Solution File, Format Version 12.00
# Visual Studio Version 16
VisualStudioVersion = 16.0.32901.82
MinimumVisualStudioVersion = 10.0.40219.1
Project("{FAE04EC0-301F-11D3-BF4B-00C04F79EFBC}") = "Foodie", "Foodie\Foodie.csproj", "{C09BA968-E5A3-4E5E-967B-2B955D8AAA76}"
EndProject
Global
	GlobalSection(SolutionConfigurationPlatforms) = preSolution
		Debug|Any CPU = Debug|Any CPU
		Release|Any CPU = Release|Any CPU
	EndGlobalSection
	GlobalSection(ProjectConfigurationPlatforms) = postSolution
		{C09BA968-E5A3-4E5E-967B-2B955D8AAA76}.Debug|Any CPU.ActiveCfg = Debug|Any CPU
		{C09BA968-E5A3-4E5E-967B-2B955D8AAA76}.Debug|Any CPU.Build.0 = Debug|Any CPU
		{C09BA968-E5A3-4E5E-967B-2B955D8AAA76}.Release|Any CPU.ActiveCfg = Release|Any CPU
		{C09BA968-E5A3-4E5E-967B-2B955D8AAA76}.Release|Any CPU.Build.0 = Release|Any CPU
	EndGlobalSection
	GlobalSection(SolutionProperties) = preSolution
		HideSolutionNode = FALSE
	EndGlobalSection
	GlobalSection(ExtensibilityGlobals) = postSolution
		SolutionGuid = {E7633916-0534-42CF-851F-804AA88A7E6A}
	EndGlobalSection
EndGlobal
